// !$*UTF8*$!
{
	archiveVersion = 1;
	classes = {
	};
	objectVersion = 56;
	objects = {

/* Begin PBXBuildFile section */
		EA9210C12A40697300BB6B7B /* GroceryAppApp.swift in Sources */ = {isa = PBXBuildFile; fileRef = EA9210C02A40697300BB6B7B /* GroceryAppApp.swift */; };
		EA9210C32A40697300BB6B7B /* ContentView.swift in Sources */ = {isa = PBXBuildFile; fileRef = EA9210C22A40697300BB6B7B /* ContentView.swift */; };
		EA9210C52A40697900BB6B7B /* Assets.xcassets in Resources */ = {isa = PBXBuildFile; fileRef = EA9210C42A40697900BB6B7B /* Assets.xcassets */; };
		EA9210C82A40697900BB6B7B /* Preview Assets.xcassets in Resources */ = {isa = PBXBuildFile; fileRef = EA9210C72A40697900BB6B7B /* Preview Assets.xcassets */; };
		EA9210D02A406E3800BB6B7B /* Realm in Frameworks */ = {isa = PBXBuildFile; productRef = EA9210CF2A406E3800BB6B7B /* Realm */; };
		EA9210D22A406E3800BB6B7B /* RealmSwift in Frameworks */ = {isa = PBXBuildFile; productRef = EA9210D12A406E3800BB6B7B /* RealmSwift */; };
		EA9210D52A40745B00BB6B7B /* AddShoppingListScreen.swift in Sources */ = {isa = PBXBuildFile; fileRef = EA9210D42A40745B00BB6B7B /* AddShoppingListScreen.swift */; };
		EA9210D82A407A1D00BB6B7B /* ShoppingList.swift in Sources */ = {isa = PBXBuildFile; fileRef = EA9210D72A407A1D00BB6B7B /* ShoppingList.swift */; };
		EA9210DA2A408FA400BB6B7B /* ShoppingItem.swift in Sources */ = {isa = PBXBuildFile; fileRef = EA9210D92A408FA400BB6B7B /* ShoppingItem.swift */; };
		EA9210DD2A40919000BB6B7B /* Migrator.swift in Sources */ = {isa = PBXBuildFile; fileRef = EA9210DC2A40919000BB6B7B /* Migrator.swift */; };
/* End PBXBuildFile section */

/* Begin PBXFileReference section */
		EA9210BD2A40697300BB6B7B /* GroceryApp.app */ = {isa = PBXFileReference; explicitFileType = wrapper.application; includeInIndex = 0; path = GroceryApp.app; sourceTree = BUILT_PRODUCTS_DIR; };
		EA9210C02A40697300BB6B7B /* GroceryAppApp.swift */ = {isa = PBXFileReference; lastKnownFileType = sourcecode.swift; path = GroceryAppApp.swift; sourceTree = "<group>"; };
		EA9210C22A40697300BB6B7B /* ContentView.swift */ = {isa = PBXFileReference; lastKnownFileType = sourcecode.swift; path = ContentView.swift; sourceTree = "<group>"; };
		EA9210C42A40697900BB6B7B /* Assets.xcassets */ = {isa = PBXFileReference; lastKnownFileType = folder.assetcatalog; path = Assets.xcassets; sourceTree = "<group>"; };
		EA9210C72A40697900BB6B7B /* Preview Assets.xcassets */ = {isa = PBXFileReference; lastKnownFileType = folder.assetcatalog; path = "Preview Assets.xcassets"; sourceTree = "<group>"; };
		EA9210D42A40745B00BB6B7B /* AddShoppingListScreen.swift */ = {isa = PBXFileReference; lastKnownFileType = sourcecode.swift; path = AddShoppingListScreen.swift; sourceTree = "<group>"; };
		EA9210D72A407A1D00BB6B7B /* ShoppingList.swift */ = {isa = PBXFileReference; lastKnownFileType = sourcecode.swift; path = ShoppingList.swift; sourceTree = "<group>"; };
		EA9210D92A408FA400BB6B7B /* ShoppingItem.swift */ = {isa = PBXFileReference; lastKnownFileType = sourcecode.swift; path = ShoppingItem.swift; sourceTree = "<group>"; };
		EA9210DC2A40919000BB6B7B /* Migrator.swift */ = {isa = PBXFileReference; lastKnownFileType = sourcecode.swift; path = Migrator.swift; sourceTree = "<group>"; };
/* End PBXFileReference section */

/* Begin PBXFrameworksBuildPhase section */
		EA9210BA2A40697300BB6B7B /* Frameworks */ = {
			isa = PBXFrameworksBuildPhase;
			buildActionMask = 2147483647;
			files = (
				EA9210D22A406E3800BB6B7B /* RealmSwift in Frameworks */,
				EA9210D02A406E3800BB6B7B /* Realm in Frameworks */,
			);
			runOnlyForDeploymentPostprocessing = 0;
		};
/* End PBXFrameworksBuildPhase section */

/* Begin PBXGroup section */
		EA9210B42A40697300BB6B7B = {
			isa = PBXGroup;
			children = (
				EA9210BF2A40697300BB6B7B /* GroceryApp */,
				EA9210BE2A40697300BB6B7B /* Products */,
			);
			sourceTree = "<group>";
		};
		EA9210BE2A40697300BB6B7B /* Products */ = {
			isa = PBXGroup;
			children = (
				EA9210BD2A40697300BB6B7B /* GroceryApp.app */,
			);
			name = Products;
			sourceTree = "<group>";
		};
		EA9210BF2A40697300BB6B7B /* GroceryApp */ = {
			isa = PBXGroup;
			children = (
				EA9210C02A40697300BB6B7B /* GroceryAppApp.swift */,
				EA9210D32A40743A00BB6B7B /* Screens */,
				EA9210C22A40697300BB6B7B /* ContentView.swift */,
				EA9210D62A4079F600BB6B7B /* Model */,
				EA9210DB2A40916800BB6B7B /* Utils */,
				EA9210C42A40697900BB6B7B /* Assets.xcassets */,
				EA9210C62A40697900BB6B7B /* Preview Content */,
			);
			path = GroceryApp;
			sourceTree = "<group>";
		};
		EA9210C62A40697900BB6B7B /* Preview Content */ = {
			isa = PBXGroup;
			children = (
				EA9210C72A40697900BB6B7B /* Preview Assets.xcassets */,
			);
			path = "Preview Content";
			sourceTree = "<group>";
		};
		EA9210D32A40743A00BB6B7B /* Screens */ = {
			isa = PBXGroup;
			children = (
				EA9210D42A40745B00BB6B7B /* AddShoppingListScreen.swift */,
			);
			path = Screens;
			sourceTree = "<group>";
		};
		EA9210D62A4079F600BB6B7B /* Model */ = {
			isa = PBXGroup;
			children = (
				EA9210D72A407A1D00BB6B7B /* ShoppingList.swift */,
				EA9210D92A408FA400BB6B7B /* ShoppingItem.swift */,
			);
			path = Model;
			sourceTree = "<group>";
		};
		EA9210DB2A40916800BB6B7B /* Utils */ = {
			isa = PBXGroup;
			children = (
				EA9210DC2A40919000BB6B7B /* Migrator.swift */,
			);
			path = Utils;
			sourceTree = "<group>";
		};
/* End PBXGroup section */

/* Begin PBXNativeTarget section */
		EA9210BC2A40697300BB6B7B /* GroceryApp */ = {
			isa = PBXNativeTarget;
			buildConfigurationList = EA9210CB2A40697900BB6B7B /* Build configuration list for PBXNativeTarget "GroceryApp" */;
			buildPhases = (
				EA9210B92A40697300BB6B7B /* Sources */,
				EA9210BA2A40697300BB6B7B /* Frameworks */,
				EA9210BB2A40697300BB6B7B /* Resources */,
			);
			buildRules = (
			);
			dependencies = (
			);
			name = GroceryApp;
			packageProductDependencies = (
				EA9210CF2A406E3800BB6B7B /* Realm */,
				EA9210D12A406E3800BB6B7B /* RealmSwift */,
			);
			productName = GroceryApp;
			productReference = EA9210BD2A40697300BB6B7B /* GroceryApp.app */;
			productType = "com.apple.product-type.application";
		};
/* End PBXNativeTarget section */

/* Begin PBXProject section */
		EA9210B52A40697300BB6B7B /* Project object */ = {
			isa = PBXProject;
			attributes = {
				BuildIndependentTargetsInParallel = 1;
				LastSwiftUpdateCheck = 1420;
				LastUpgradeCheck = 1420;
				TargetAttributes = {
					EA9210BC2A40697300BB6B7B = {
						CreatedOnToolsVersion = 14.2;
					};
				};
			};
			buildConfigurationList = EA9210B82A40697300BB6B7B /* Build configuration list for PBXProject "GroceryApp" */;
			compatibilityVersion = "Xcode 14.0";
			developmentRegion = en;
			hasScannedForEncodings = 0;
			knownRegions = (
				en,
				Base,
			);
			mainGroup = EA9210B42A40697300BB6B7B;
			packageReferences = (
				EA9210CE2A406E3800BB6B7B /* XCRemoteSwiftPackageReference "realm-swift" */,
			);
			productRefGroup = EA9210BE2A40697300BB6B7B /* Products */;
			projectDirPath = "";
			projectRoot = "";
			targets = (
				EA9210BC2A40697300BB6B7B /* GroceryApp */,
			);
		};
/* End PBXProject section */

/* Begin PBXResourcesBuildPhase section */
		EA9210BB2A40697300BB6B7B /* Resources */ = {
			isa = PBXResourcesBuildPhase;
			buildActionMask = 2147483647;
			files = (
				EA9210C82A40697900BB6B7B /* Preview Assets.xcassets in Resources */,
				EA9210C52A40697900BB6B7B /* Assets.xcassets in Resources */,
			);
			runOnlyForDeploymentPostprocessing = 0;
		};
/* End PBXResourcesBuildPhase section */

/* Begin PBXSourcesBuildPhase section */
		EA9210B92A40697300BB6B7B /* Sources */ = {
			isa = PBXSourcesBuildPhase;
			buildActionMask = 2147483647;
			files = (
				EA9210C32A40697300BB6B7B /* ContentView.swift in Sources */,
				EA9210D82A407A1D00BB6B7B /* ShoppingList.swift in Sources */,
				EA9210DD2A40919000BB6B7B /* Migrator.swift in Sources */,
				EA9210C12A40697300BB6B7B /* GroceryAppApp.swift in Sources */,
				EA9210DA2A408FA400BB6B7B /* ShoppingItem.swift in Sources */,
				EA9210D52A40745B00BB6B7B /* AddShoppingListScreen.swift in Sources */,
			);
			runOnlyForDeploymentPostprocessing = 0;
		};
/* End PBXSourcesBuildPhase section */

/* Begin XCBuildConfiguration section */
		EA9210C92A40697900BB6B7B /* Debug */ = {
			isa = XCBuildConfiguration;
			buildSettings = {
				ALWAYS_SEARCH_USER_PATHS = NO;
				CLANG_ANALYZER_NONNULL = YES;
				CLANG_ANALYZER_NUMBER_OBJECT_CONVERSION = YES_AGGRESSIVE;
				CLANG_CXX_LANGUAGE_STANDARD = "gnu++20";
				CLANG_ENABLE_MODULES = YES;
				CLANG_ENABLE_OBJC_ARC = YES;
				CLANG_ENABLE_OBJC_WEAK = YES;
				CLANG_WARN_BLOCK_CAPTURE_AUTORELEASING = YES;
				CLANG_WARN_BOOL_CONVERSION = YES;
				CLANG_WARN_COMMA = YES;
				CLANG_WARN_CONSTANT_CONVERSION = YES;
				CLANG_WARN_DEPRECATED_OBJC_IMPLEMENTATIONS = YES;
				CLANG_WARN_DIRECT_OBJC_ISA_USAGE = YES_ERROR;
				CLANG_WARN_DOCUMENTATION_COMMENTS = YES;
				CLANG_WARN_EMPTY_BODY = YES;
				CLANG_WARN_ENUM_CONVERSION = YES;
				CLANG_WARN_INFINITE_RECURSION = YES;
				CLANG_WARN_INT_CONVERSION = YES;
				CLANG_WARN_NON_LITERAL_NULL_CONVERSION = YES;
				CLANG_WARN_OBJC_IMPLICIT_RETAIN_SELF = YES;
				CLANG_WARN_OBJC_LITERAL_CONVERSION = YES;
				CLANG_WARN_OBJC_ROOT_CLASS = YES_ERROR;
				CLANG_WARN_QUOTED_INCLUDE_IN_FRAMEWORK_HEADER = YES;
				CLANG_WARN_RANGE_LOOP_ANALYSIS = YES;
				CLANG_WARN_STRICT_PROTOTYPES = YES;
				CLANG_WARN_SUSPICIOUS_MOVE = YES;
				CLANG_WARN_UNGUARDED_AVAILABILITY = YES_AGGRESSIVE;
				CLANG_WARN_UNREACHABLE_CODE = YES;
				CLANG_WARN__DUPLICATE_METHOD_MATCH = YES;
				COPY_PHASE_STRIP = NO;
				DEBUG_INFORMATION_FORMAT = dwarf;
				ENABLE_STRICT_OBJC_MSGSEND = YES;
				ENABLE_TESTABILITY = YES;
				GCC_C_LANGUAGE_STANDARD = gnu11;
				GCC_DYNAMIC_NO_PIC = NO;
				GCC_NO_COMMON_BLOCKS = YES;
				GCC_OPTIMIZATION_LEVEL = 0;
				GCC_PREPROCESSOR_DEFINITIONS = (
					"DEBUG=1",
					"$(inherited)",
				);
				GCC_WARN_64_TO_32_BIT_CONVERSION = YES;
				GCC_WARN_ABOUT_RETURN_TYPE = YES_ERROR;
				GCC_WARN_UNDECLARED_SELECTOR = YES;
				GCC_WARN_UNINITIALIZED_AUTOS = YES_AGGRESSIVE;
				GCC_WARN_UNUSED_FUNCTION = YES;
				GCC_WARN_UNUSED_VARIABLE = YES;
				IPHONEOS_DEPLOYMENT_TARGET = 16.2;
				MTL_ENABLE_DEBUG_INFO = INCLUDE_SOURCE;
				MTL_FAST_MATH = YES;
				ONLY_ACTIVE_ARCH = YES;
				SDKROOT = iphoneos;
				SWIFT_ACTIVE_COMPILATION_CONDITIONS = DEBUG;
				SWIFT_OPTIMIZATION_LEVEL = "-Onone";
			};
			name = Debug;
		};
		EA9210CA2A40697900BB6B7B /* Release */ = {
			isa = XCBuildConfiguration;
			buildSettings = {
				ALWAYS_SEARCH_USER_PATHS = NO;
				CLANG_ANALYZER_NONNULL = YES;
				CLANG_ANALYZER_NUMBER_OBJECT_CONVERSION = YES_AGGRESSIVE;
				CLANG_CXX_LANGUAGE_STANDARD = "gnu++20";
				CLANG_ENABLE_MODULES = YES;
				CLANG_ENABLE_OBJC_ARC = YES;
				CLANG_ENABLE_OBJC_WEAK = YES;
				CLANG_WARN_BLOCK_CAPTURE_AUTORELEASING = YES;
				CLANG_WARN_BOOL_CONVERSION = YES;
				CLANG_WARN_COMMA = YES;
				CLANG_WARN_CONSTANT_CONVERSION = YES;
				CLANG_WARN_DEPRECATED_OBJC_IMPLEMENTATIONS = YES;
				CLANG_WARN_DIRECT_OBJC_ISA_USAGE = YES_ERROR;
				CLANG_WARN_DOCUMENTATION_COMMENTS = YES;
				CLANG_WARN_EMPTY_BODY = YES;
				CLANG_WARN_ENUM_CONVERSION = YES;
				CLANG_WARN_INFINITE_RECURSION = YES;
				CLANG_WARN_INT_CONVERSION = YES;
				CLANG_WARN_NON_LITERAL_NULL_CONVERSION = YES;
				CLANG_WARN_OBJC_IMPLICIT_RETAIN_SELF = YES;
				CLANG_WARN_OBJC_LITERAL_CONVERSION = YES;
				CLANG_WARN_OBJC_ROOT_CLASS = YES_ERROR;
				CLANG_WARN_QUOTED_INCLUDE_IN_FRAMEWORK_HEADER = YES;
				CLANG_WARN_RANGE_LOOP_ANALYSIS = YES;
				CLANG_WARN_STRICT_PROTOTYPES = YES;
				CLANG_WARN_SUSPICIOUS_MOVE = YES;
				CLANG_WARN_UNGUARDED_AVAILABILITY = YES_AGGRESSIVE;
				CLANG_WARN_UNREACHABLE_CODE = YES;
				CLANG_WARN__DUPLICATE_METHOD_MATCH = YES;
				COPY_PHASE_STRIP = NO;
				DEBUG_INFORMATION_FORMAT = "dwarf-with-dsym";
				ENABLE_NS_ASSERTIONS = NO;
				ENABLE_STRICT_OBJC_MSGSEND = YES;
				GCC_C_LANGUAGE_STANDARD = gnu11;
				GCC_NO_COMMON_BLOCKS = YES;
				GCC_WARN_64_TO_32_BIT_CONVERSION = YES;
				GCC_WARN_ABOUT_RETURN_TYPE = YES_ERROR;
				GCC_WARN_UNDECLARED_SELECTOR = YES;
				GCC_WARN_UNINITIALIZED_AUTOS = YES_AGGRESSIVE;
				GCC_WARN_UNUSED_FUNCTION = YES;
				GCC_WARN_UNUSED_VARIABLE = YES;
				IPHONEOS_DEPLOYMENT_TARGET = 16.2;
				MTL_ENABLE_DEBUG_INFO = NO;
				MTL_FAST_MATH = YES;
				SDKROOT = iphoneos;
				SWIFT_COMPILATION_MODE = wholemodule;
				SWIFT_OPTIMIZATION_LEVEL = "-O";
				VALIDATE_PRODUCT = YES;
			};
			name = Release;
		};
		EA9210CC2A40697900BB6B7B /* Debug */ = {
			isa = XCBuildConfiguration;
			buildSettings = {
				ASSETCATALOG_COMPILER_APPICON_NAME = AppIcon;
				ASSETCATALOG_COMPILER_GLOBAL_ACCENT_COLOR_NAME = AccentColor;
				CODE_SIGN_STYLE = Automatic;
				CURRENT_PROJECT_VERSION = 1;
				DEVELOPMENT_ASSET_PATHS = "\"GroceryApp/Preview Content\"";
				DEVELOPMENT_TEAM = RSBH48TS8D;
				ENABLE_PREVIEWS = YES;
				GENERATE_INFOPLIST_FILE = YES;
				INFOPLIST_KEY_UIApplicationSceneManifest_Generation = YES;
				INFOPLIST_KEY_UIApplicationSupportsIndirectInputEvents = YES;
				INFOPLIST_KEY_UILaunchScreen_Generation = YES;
				INFOPLIST_KEY_UISupportedInterfaceOrientations_iPad = "UIInterfaceOrientationPortrait UIInterfaceOrientationPortraitUpsideDown UIInterfaceOrientationLandscapeLeft UIInterfaceOrientationLandscapeRight";
				INFOPLIST_KEY_UISupportedInterfaceOrientations_iPhone = "UIInterfaceOrientationPortrait UIInterfaceOrientationLandscapeLeft UIInterfaceOrientationLandscapeRight";
				LD_RUNPATH_SEARCH_PATHS = (
					"$(inherited)",
					"@executable_path/Frameworks",
				);
				MARKETING_VERSION = 1.0;
				PRODUCT_BUNDLE_IDENTIFIER = com.DmitryiVelko.GroceryApp;
				PRODUCT_NAME = "$(TARGET_NAME)";
				SWIFT_EMIT_LOC_STRINGS = YES;
				SWIFT_VERSION = 5.0;
				TARGETED_DEVICE_FAMILY = "1,2";
			};
			name = Debug;
		};
		EA9210CD2A40697900BB6B7B /* Release */ = {
			isa = XCBuildConfiguration;
			buildSettings = {
				ASSETCATALOG_COMPILER_APPICON_NAME = AppIcon;
				ASSETCATALOG_COMPILER_GLOBAL_ACCENT_COLOR_NAME = AccentColor;
				CODE_SIGN_STYLE = Automatic;
				CURRENT_PROJECT_VERSION = 1;
				DEVELOPMENT_ASSET_PATHS = "\"GroceryApp/Preview Content\"";
				DEVELOPMENT_TEAM = RSBH48TS8D;
				ENABLE_PREVIEWS = YES;
				GENERATE_INFOPLIST_FILE = YES;
				INFOPLIST_KEY_UIApplicationSceneManifest_Generation = YES;
				INFOPLIST_KEY_UIApplicationSupportsIndirectInputEvents = YES;
				INFOPLIST_KEY_UILaunchScreen_Generation = YES;
				INFOPLIST_KEY_UISupportedInterfaceOrientations_iPad = "UIInterfaceOrientationPortrait UIInterfaceOrientationPortraitUpsideDown UIInterfaceOrientationLandscapeLeft UIInterfaceOrientationLandscapeRight";
				INFOPLIST_KEY_UISupportedInterfaceOrientations_iPhone = "UIInterfaceOrientationPortrait UIInterfaceOrientationLandscapeLeft UIInterfaceOrientationLandscapeRight";
				LD_RUNPATH_SEARCH_PATHS = (
					"$(inherited)",
					"@executable_path/Frameworks",
				);
				MARKETING_VERSION = 1.0;
				PRODUCT_BUNDLE_IDENTIFIER = com.DmitryiVelko.GroceryApp;
				PRODUCT_NAME = "$(TARGET_NAME)";
				SWIFT_EMIT_LOC_STRINGS = YES;
				SWIFT_VERSION = 5.0;
				TARGETED_DEVICE_FAMILY = "1,2";
			};
			name = Release;
		};
/* End XCBuildConfiguration section */

/* Begin XCConfigurationList section */
		EA9210B82A40697300BB6B7B /* Build configuration list for PBXProject "GroceryApp" */ = {
			isa = XCConfigurationList;
			buildConfigurations = (
				EA9210C92A40697900BB6B7B /* Debug */,
				EA9210CA2A40697900BB6B7B /* Release */,
			);
			defaultConfigurationIsVisible = 0;
			defaultConfigurationName = Release;
		};
		EA9210CB2A40697900BB6B7B /* Build configuration list for PBXNativeTarget "GroceryApp" */ = {
			isa = XCConfigurationList;
			buildConfigurations = (
				EA9210CC2A40697900BB6B7B /* Debug */,
				EA9210CD2A40697900BB6B7B /* Release */,
			);
			defaultConfigurationIsVisible = 0;
			defaultConfigurationName = Release;
		};
/* End XCConfigurationList section */

/* Begin XCRemoteSwiftPackageReference section */
		EA9210CE2A406E3800BB6B7B /* XCRemoteSwiftPackageReference "realm-swift" */ = {
			isa = XCRemoteSwiftPackageReference;
			repositoryURL = "https://github.com/realm/realm-swift.git";
			requirement = {
				branch = master;
				kind = branch;
			};
		};
/* End XCRemoteSwiftPackageReference section */

/* Begin XCSwiftPackageProductDependency section */
		EA9210CF2A406E3800BB6B7B /* Realm */ = {
			isa = XCSwiftPackageProductDependency;
			package = EA9210CE2A406E3800BB6B7B /* XCRemoteSwiftPackageReference "realm-swift" */;
			productName = Realm;
		};
		EA9210D12A406E3800BB6B7B /* RealmSwift */ = {
			isa = XCSwiftPackageProductDependency;
			package = EA9210CE2A406E3800BB6B7B /* XCRemoteSwiftPackageReference "realm-swift" */;
			productName = RealmSwift;
		};
/* End XCSwiftPackageProductDependency section */
	};
	rootObject = EA9210B52A40697300BB6B7B /* Project object */;
}
